PODS:
  - SwiftFormat/CLI (0.54.5)
  - SwiftLint (0.57.0)
  - ZDToolBoxSwift (0.0.1)

DEPENDENCIES:
  - SwiftFormat/CLI (~> 0.54)
  - SwiftLint (~> 0.57)
  - ZDToolBoxSwift (from `../ZDToolBoxSwift.podspec`)

SPEC REPOS:
  trunk:
    - SwiftFormat
    - SwiftLint

EXTERNAL SOURCES:
  ZDToolBoxSwift:
    :path: "../ZDToolBoxSwift.podspec"

SPEC CHECKSUMS:
  SwiftFormat: 543a7b1ab4a6ce2d88bd5616a17903446ca3dc5c
  SwiftLint: eb47480d47c982481592c195c221d11013a679cc
  ZDToolBoxSwift: 58d5f241c3979c750ae99d165cacc63b49b5f1a7

PODFILE CHECKSUM: 2d25dfbdb2fbaf0e9d86910d67a550a4e102debc

COCOAPODS: 1.16.1
