PODS:
  - SwiftFormat/CLI (0.58.6)
  - SwiftLint (0.57.0)
  - ZDToolBoxSwift (0.0.1)

DEPENDENCIES:
  - SwiftFormat/CLI (~> 0.58)
  - SwiftLint (~> 0.57)
  - ZDToolBoxSwift (from `../ZDToolBoxSwift.podspec`)

SPEC REPOS:
  trunk:
    - SwiftFormat
    - SwiftLint

EXTERNAL SOURCES:
  ZDToolBoxSwift:
    :path: "../ZDToolBoxSwift.podspec"

SPEC CHECKSUMS:
  SwiftFormat: f0cf9dc0cba0aad885b4dbba9de3431ec8d72f7d
  SwiftLint: eb47480d47c982481592c195c221d11013a679cc
  ZDToolBoxSwift: 798025a8bcd9e52ab8749c10f09165bd54e4feae

PODFILE CHECKSUM: d01e6b172700bd129f6b5dd6e8e24d1611624d28

COCOAPODS: 1.16.2
