PODS:
  - ZDToolBoxSwift (0.0.1)

DEPENDENCIES:
  - ZDToolBoxSwift (from `../ZDToolBoxSwift.podspec`)

EXTERNAL SOURCES:
  ZDToolBoxSwift:
    :path: "../ZDToolBoxSwift.podspec"

SPEC CHECKSUMS:
  ZDToolBoxSwift: 58d5f241c3979c750ae99d165cacc63b49b5f1a7

PODFILE CHECKSUM: 2f02f3e1c4547c3214973fe8ad2c01d644f65d0d

COCOAPODS: 1.14.3
