PODS:
  - ZDSwiftToolKit (0.0.1)

DEPENDENCIES:
  - ZDSwiftToolKit (from `../ZDSwiftToolKit.podspec`)

EXTERNAL SOURCES:
  ZDSwiftToolKit:
    :path: "../ZDSwiftToolKit.podspec"

SPEC CHECKSUMS:
  ZDSwiftToolKit: 81bbbe554e756edb222de647ac16aa30cb100389

PODFILE CHECKSUM: d1ccf3c5dc69f14b1a212eae2f79e69e0aafefbc

COCOAPODS: 1.11.2
