PODS:
  - ZDSwiftToolKit (0.0.1)

DEPENDENCIES:
  - ZDSwiftToolKit (from `../ZDSwiftToolKit.podspec`)

EXTERNAL SOURCES:
  ZDSwiftToolKit:
    :path: "../ZDSwiftToolKit.podspec"

SPEC CHECKSUMS:
  ZDSwiftToolKit: 6bf20adb151d895385f5ef01e032b8ba53025869

PODFILE CHECKSUM: 91f6b47f54896bf32f0c3b02975d43d4d0acac5c

COCOAPODS: 1.10.1
