PODS:
  - ZDSwiftToolKit (0.0.1)

DEPENDENCIES:
  - ZDSwiftToolKit (from `../ZDSwiftToolKit.podspec`)

EXTERNAL SOURCES:
  ZDSwiftToolKit:
    :path: "../ZDSwiftToolKit.podspec"

SPEC CHECKSUMS:
  ZDSwiftToolKit: e331d94fc70ca85d6697c1974230f4386294a01a

PODFILE CHECKSUM: 91f6b47f54896bf32f0c3b02975d43d4d0acac5c

COCOAPODS: 1.10.0
